
Microsoft Visual Studio Solution File, Format Version 12.00
# Visual Studio Version 16
VisualStudioVersion = 16.0.29418.71
MinimumVisualStudioVersion = 10.0.40219.1
Project("{9A19103F-16F7-4668-BE54-9A1E7A4F7556}") = "MovieApp", "MovieApp.csproj", "{67667D6C-E571-4C21-8371-0E88F03CD9A1}"
EndProject
Global
	GlobalSection(SolutionConfigurationPlatforms) = preSolution
		Debug|Any CPU = Debug|Any CPU
		Release|Any CPU = Release|Any CPU
	EndGlobalSection
	GlobalSection(ProjectConfigurationPlatforms) = postSolution
		{67667D6C-E571-4C21-8371-0E88F03CD9A1}.Debug|Any CPU.ActiveCfg = Debug|Any CPU
		{67667D6C-E571-4C21-8371-0E88F03CD9A1}.Debug|Any CPU.Build.0 = Debug|Any CPU
		{67667D6C-E571-4C21-8371-0E88F03CD9A1}.Release|Any CPU.ActiveCfg = Release|Any CPU
		{67667D6C-E571-4C21-8371-0E88F03CD9A1}.Release|Any CPU.Build.0 = Release|Any CPU
	EndGlobalSection
	GlobalSection(SolutionProperties) = preSolution
		HideSolutionNode = FALSE
	EndGlobalSection
	GlobalSection(ExtensibilityGlobals) = postSolution
		SolutionGuid = {A3D53D88-E2A5-4C65-A71E-8CB006BAA2C2}
	EndGlobalSection
EndGlobal
